
Microsoft Visual Studio Solution File, Format Version 12.00
# Visual Studio Version 17
VisualStudioVersion = 17.7.34024.191
MinimumVisualStudioVersion = 10.0.40219.1
Project("{9A19103F-16F7-4668-BE54-9A1E7A4F7556}") = "WsprSharp", "WsprSharp\WsprSharp.csproj", "{E588D29C-2D66-4BCF-8921-62DBDA56340D}"
EndProject
Project("{9A19103F-16F7-4668-BE54-9A1E7A4F7556}") = "WsprInspector", "WsprInspector\WsprInspector.csproj", "{4ACDC01E-1F41-4288-8EDB-82599E2856CC}"
EndProject
Project("{9A19103F-16F7-4668-BE54-9A1E7A4F7556}") = "WsprSharp.Tests", "WsprSharpTests\WsprSharp.Tests.csproj", "{10A2F102-354C-432C-BD77-0BD08D5EE7F6}"
EndProject
Project("{FAE04EC0-301F-11D3-BF4B-00C04F79EFBC}") = "WsprCodeGenerator", "WsprCodeGenerator\WsprCodeGenerator.csproj", "{3B99C7A7-12A0-4285-A072-DD9902703164}"
EndProject
Global
	GlobalSection(SolutionConfigurationPlatforms) = preSolution
		Debug|Any CPU = Debug|Any CPU
		Release|Any CPU = Release|Any CPU
	EndGlobalSection
	GlobalSection(ProjectConfigurationPlatforms) = postSolution
		{E588D29C-2D66-4BCF-8921-62DBDA56340D}.Debug|Any CPU.ActiveCfg = Debug|Any CPU
		{E588D29C-2D66-4BCF-8921-62DBDA56340D}.Debug|Any CPU.Build.0 = Debug|Any CPU
		{E588D29C-2D66-4BCF-8921-62DBDA56340D}.Release|Any CPU.ActiveCfg = Release|Any CPU
		{E588D29C-2D66-4BCF-8921-62DBDA56340D}.Release|Any CPU.Build.0 = Release|Any CPU
		{4ACDC01E-1F41-4288-8EDB-82599E2856CC}.Debug|Any CPU.ActiveCfg = Debug|Any CPU
		{4ACDC01E-1F41-4288-8EDB-82599E2856CC}.Debug|Any CPU.Build.0 = Debug|Any CPU
		{4ACDC01E-1F41-4288-8EDB-82599E2856CC}.Release|Any CPU.ActiveCfg = Release|Any CPU
		{4ACDC01E-1F41-4288-8EDB-82599E2856CC}.Release|Any CPU.Build.0 = Release|Any CPU
		{10A2F102-354C-432C-BD77-0BD08D5EE7F6}.Debug|Any CPU.ActiveCfg = Debug|Any CPU
		{10A2F102-354C-432C-BD77-0BD08D5EE7F6}.Debug|Any CPU.Build.0 = Debug|Any CPU
		{10A2F102-354C-432C-BD77-0BD08D5EE7F6}.Release|Any CPU.ActiveCfg = Release|Any CPU
		{10A2F102-354C-432C-BD77-0BD08D5EE7F6}.Release|Any CPU.Build.0 = Release|Any CPU
		{3B99C7A7-12A0-4285-A072-DD9902703164}.Debug|Any CPU.ActiveCfg = Debug|Any CPU
		{3B99C7A7-12A0-4285-A072-DD9902703164}.Debug|Any CPU.Build.0 = Debug|Any CPU
		{3B99C7A7-12A0-4285-A072-DD9902703164}.Release|Any CPU.ActiveCfg = Release|Any CPU
		{3B99C7A7-12A0-4285-A072-DD9902703164}.Release|Any CPU.Build.0 = Release|Any CPU
	EndGlobalSection
	GlobalSection(SolutionProperties) = preSolution
		HideSolutionNode = FALSE
	EndGlobalSection
	GlobalSection(ExtensibilityGlobals) = postSolution
		SolutionGuid = {C0C35043-5575-4828-B3A5-F25C3030A094}
	EndGlobalSection
EndGlobal
